
Microsoft Visual Studio Solution File, Format Version 12.00
# Visual Studio Version 17
VisualStudioVersion = 17.0.31903.59
MinimumVisualStudioVersion = 10.0.40219.1
Project("{2150E333-8FDC-42A3-9474-1A3956D46DE8}") = "Services", "Services", "{5854FF58-B8C5-05C6-5BF2-ACE42193F22B}"
EndProject
Project("{FAE04EC0-301F-11D3-BF4B-00C04F79EFBC}") = "Catalog.API", "Services\Catalog.API\Catalog.API.csproj", "{2587467B-B5F3-4E93-9D94-AA3FAC31DCCE}"
EndProject
Project("{FAE04EC0-301F-11D3-BF4B-00C04F79EFBC}") = "Basket.API", "Services\Basket.API\Basket.API.csproj", "{9AF008A5-38C2-40D7-8D57-DCA7BB439E92}"
EndProject
Project("{2150E333-8FDC-42A3-9474-1A3956D46DE8}") = "BuildingBlocks", "BuildingBlocks", "{7266C4A9-E384-DC00-0EB6-47F6002CFBA7}"
EndProject
Project("{FAE04EC0-301F-11D3-BF4B-00C04F79EFBC}") = "EventBus.Messages", "BuildingBlocks\EventBus.Messages\EventBus.Messages.csproj", "{03E9324C-6A94-4225-8169-BE9C03D82441}"
EndProject
Project("{FAE04EC0-301F-11D3-BF4B-00C04F79EFBC}") = "Discount.API", "Services\Discount.API\Discount.API.csproj", "{982493D4-3BEE-409D-9C59-A6491A00D0E1}"
EndProject
Project("{FAE04EC0-301F-11D3-BF4B-00C04F79EFBC}") = "Discount.Grpc", "Services\Discount.Grpc\Discount.Grpc.csproj", "{7EA543A7-E729-41A8-95EA-68D1B7427C81}"
EndProject
Project("{2150E333-8FDC-42A3-9474-1A3956D46DE8}") = "Ordering", "Ordering", "{3BAACA43-EC64-C367-9FAA-9C38067293A8}"
EndProject
Project("{FAE04EC0-301F-11D3-BF4B-00C04F79EFBC}") = "Ordering.API", "Services\Ordering\Ordering.API\Ordering.API.csproj", "{AA26E641-B1EF-43EF-AAE5-5AAEF4E548B1}"
EndProject
Project("{FAE04EC0-301F-11D3-BF4B-00C04F79EFBC}") = "Ordering.Infrastructure", "Services\Ordering\Ordering.Infrastructure\Ordering.Infrastructure.csproj", "{26D0F166-275D-4AB5-8269-9DA815DAC4FD}"
EndProject
Project("{FAE04EC0-301F-11D3-BF4B-00C04F79EFBC}") = "Ordering.Application", "Services\Ordering\Ordering.Application\Ordering.Application.csproj", "{7017BD6D-1C80-480E-9E5F-2DFD21FB12EA}"
EndProject
Project("{FAE04EC0-301F-11D3-BF4B-00C04F79EFBC}") = "Ordering.Domain", "Services\Ordering\Ordering.Domain\Ordering.Domain.csproj", "{CA3FEFD9-391D-410C-AB8A-DC2C0A5E9BB5}"
EndProject
Project("{2150E333-8FDC-42A3-9474-1A3956D46DE8}") = "ApiGateways", "ApiGateways", "{8450CF56-5DC7-366A-AE0A-4A8614F474CF}"
EndProject
Project("{FAE04EC0-301F-11D3-BF4B-00C04F79EFBC}") = "OcelotApiGw", "ApiGateways\OcelotApiGw\OcelotApiGw.csproj", "{60688A0D-8832-4546-A3A5-9636B023A606}"
EndProject
Global
	GlobalSection(SolutionConfigurationPlatforms) = preSolution
		Debug|Any CPU = Debug|Any CPU
		Debug|x64 = Debug|x64
		Debug|x86 = Debug|x86
		Release|Any CPU = Release|Any CPU
		Release|x64 = Release|x64
		Release|x86 = Release|x86
	EndGlobalSection
	GlobalSection(ProjectConfigurationPlatforms) = postSolution
		{2587467B-B5F3-4E93-9D94-AA3FAC31DCCE}.Debug|Any CPU.ActiveCfg = Debug|Any CPU
		{2587467B-B5F3-4E93-9D94-AA3FAC31DCCE}.Debug|Any CPU.Build.0 = Debug|Any CPU
		{2587467B-B5F3-4E93-9D94-AA3FAC31DCCE}.Debug|x64.ActiveCfg = Debug|Any CPU
		{2587467B-B5F3-4E93-9D94-AA3FAC31DCCE}.Debug|x64.Build.0 = Debug|Any CPU
		{2587467B-B5F3-4E93-9D94-AA3FAC31DCCE}.Debug|x86.ActiveCfg = Debug|Any CPU
		{2587467B-B5F3-4E93-9D94-AA3FAC31DCCE}.Debug|x86.Build.0 = Debug|Any CPU
		{2587467B-B5F3-4E93-9D94-AA3FAC31DCCE}.Release|Any CPU.ActiveCfg = Release|Any CPU
		{2587467B-B5F3-4E93-9D94-AA3FAC31DCCE}.Release|Any CPU.Build.0 = Release|Any CPU
		{2587467B-B5F3-4E93-9D94-AA3FAC31DCCE}.Release|x64.ActiveCfg = Release|Any CPU
		{2587467B-B5F3-4E93-9D94-AA3FAC31DCCE}.Release|x64.Build.0 = Release|Any CPU
		{2587467B-B5F3-4E93-9D94-AA3FAC31DCCE}.Release|x86.ActiveCfg = Release|Any CPU
		{2587467B-B5F3-4E93-9D94-AA3FAC31DCCE}.Release|x86.Build.0 = Release|Any CPU
		{9AF008A5-38C2-40D7-8D57-DCA7BB439E92}.Debug|Any CPU.ActiveCfg = Debug|Any CPU
		{9AF008A5-38C2-40D7-8D57-DCA7BB439E92}.Debug|Any CPU.Build.0 = Debug|Any CPU
		{9AF008A5-38C2-40D7-8D57-DCA7BB439E92}.Debug|x64.ActiveCfg = Debug|Any CPU
		{9AF008A5-38C2-40D7-8D57-DCA7BB439E92}.Debug|x64.Build.0 = Debug|Any CPU
		{9AF008A5-38C2-40D7-8D57-DCA7BB439E92}.Debug|x86.ActiveCfg = Debug|Any CPU
		{9AF008A5-38C2-40D7-8D57-DCA7BB439E92}.Debug|x86.Build.0 = Debug|Any CPU
		{9AF008A5-38C2-40D7-8D57-DCA7BB439E92}.Release|Any CPU.ActiveCfg = Release|Any CPU
		{9AF008A5-38C2-40D7-8D57-DCA7BB439E92}.Release|Any CPU.Build.0 = Release|Any CPU
		{9AF008A5-38C2-40D7-8D57-DCA7BB439E92}.Release|x64.ActiveCfg = Release|Any CPU
		{9AF008A5-38C2-40D7-8D57-DCA7BB439E92}.Release|x64.Build.0 = Release|Any CPU
		{9AF008A5-38C2-40D7-8D57-DCA7BB439E92}.Release|x86.ActiveCfg = Release|Any CPU
		{9AF008A5-38C2-40D7-8D57-DCA7BB439E92}.Release|x86.Build.0 = Release|Any CPU
		{03E9324C-6A94-4225-8169-BE9C03D82441}.Debug|Any CPU.ActiveCfg = Debug|Any CPU
		{03E9324C-6A94-4225-8169-BE9C03D82441}.Debug|Any CPU.Build.0 = Debug|Any CPU
		{03E9324C-6A94-4225-8169-BE9C03D82441}.Debug|x64.ActiveCfg = Debug|Any CPU
		{03E9324C-6A94-4225-8169-BE9C03D82441}.Debug|x64.Build.0 = Debug|Any CPU
		{03E9324C-6A94-4225-8169-BE9C03D82441}.Debug|x86.ActiveCfg = Debug|Any CPU
		{03E9324C-6A94-4225-8169-BE9C03D82441}.Debug|x86.Build.0 = Debug|Any CPU
		{03E9324C-6A94-4225-8169-BE9C03D82441}.Release|Any CPU.ActiveCfg = Release|Any CPU
		{03E9324C-6A94-4225-8169-BE9C03D82441}.Release|Any CPU.Build.0 = Release|Any CPU
		{03E9324C-6A94-4225-8169-BE9C03D82441}.Release|x64.ActiveCfg = Release|Any CPU
		{03E9324C-6A94-4225-8169-BE9C03D82441}.Release|x64.Build.0 = Release|Any CPU
		{03E9324C-6A94-4225-8169-BE9C03D82441}.Release|x86.ActiveCfg = Release|Any CPU
		{03E9324C-6A94-4225-8169-BE9C03D82441}.Release|x86.Build.0 = Release|Any CPU
		{982493D4-3BEE-409D-9C59-A6491A00D0E1}.Debug|Any CPU.ActiveCfg = Debug|Any CPU
		{982493D4-3BEE-409D-9C59-A6491A00D0E1}.Debug|Any CPU.Build.0 = Debug|Any CPU
		{982493D4-3BEE-409D-9C59-A6491A00D0E1}.Debug|x64.ActiveCfg = Debug|Any CPU
		{982493D4-3BEE-409D-9C59-A6491A00D0E1}.Debug|x64.Build.0 = Debug|Any CPU
		{982493D4-3BEE-409D-9C59-A6491A00D0E1}.Debug|x86.ActiveCfg = Debug|Any CPU
		{982493D4-3BEE-409D-9C59-A6491A00D0E1}.Debug|x86.Build.0 = Debug|Any CPU
		{982493D4-3BEE-409D-9C59-A6491A00D0E1}.Release|Any CPU.ActiveCfg = Release|Any CPU
		{982493D4-3BEE-409D-9C59-A6491A00D0E1}.Release|Any CPU.Build.0 = Release|Any CPU
		{982493D4-3BEE-409D-9C59-A6491A00D0E1}.Release|x64.ActiveCfg = Release|Any CPU
		{982493D4-3BEE-409D-9C59-A6491A00D0E1}.Release|x64.Build.0 = Release|Any CPU
		{982493D4-3BEE-409D-9C59-A6491A00D0E1}.Release|x86.ActiveCfg = Release|Any CPU
		{982493D4-3BEE-409D-9C59-A6491A00D0E1}.Release|x86.Build.0 = Release|Any CPU
		{7EA543A7-E729-41A8-95EA-68D1B7427C81}.Debug|Any CPU.ActiveCfg = Debug|Any CPU
		{7EA543A7-E729-41A8-95EA-68D1B7427C81}.Debug|Any CPU.Build.0 = Debug|Any CPU
		{7EA543A7-E729-41A8-95EA-68D1B7427C81}.Debug|x64.ActiveCfg = Debug|Any CPU
		{7EA543A7-E729-41A8-95EA-68D1B7427C81}.Debug|x64.Build.0 = Debug|Any CPU
		{7EA543A7-E729-41A8-95EA-68D1B7427C81}.Debug|x86.ActiveCfg = Debug|Any CPU
		{7EA543A7-E729-41A8-95EA-68D1B7427C81}.Debug|x86.Build.0 = Debug|Any CPU
		{7EA543A7-E729-41A8-95EA-68D1B7427C81}.Release|Any CPU.ActiveCfg = Release|Any CPU
		{7EA543A7-E729-41A8-95EA-68D1B7427C81}.Release|Any CPU.Build.0 = Release|Any CPU
		{7EA543A7-E729-41A8-95EA-68D1B7427C81}.Release|x64.ActiveCfg = Release|Any CPU
		{7EA543A7-E729-41A8-95EA-68D1B7427C81}.Release|x64.Build.0 = Release|Any CPU
		{7EA543A7-E729-41A8-95EA-68D1B7427C81}.Release|x86.ActiveCfg = Release|Any CPU
		{7EA543A7-E729-41A8-95EA-68D1B7427C81}.Release|x86.Build.0 = Release|Any CPU
		{AA26E641-B1EF-43EF-AAE5-5AAEF4E548B1}.Debug|Any CPU.ActiveCfg = Debug|Any CPU
		{AA26E641-B1EF-43EF-AAE5-5AAEF4E548B1}.Debug|Any CPU.Build.0 = Debug|Any CPU
		{AA26E641-B1EF-43EF-AAE5-5AAEF4E548B1}.Debug|x64.ActiveCfg = Debug|Any CPU
		{AA26E641-B1EF-43EF-AAE5-5AAEF4E548B1}.Debug|x64.Build.0 = Debug|Any CPU
		{AA26E641-B1EF-43EF-AAE5-5AAEF4E548B1}.Debug|x86.ActiveCfg = Debug|Any CPU
		{AA26E641-B1EF-43EF-AAE5-5AAEF4E548B1}.Debug|x86.Build.0 = Debug|Any CPU
		{AA26E641-B1EF-43EF-AAE5-5AAEF4E548B1}.Release|Any CPU.ActiveCfg = Release|Any CPU
		{AA26E641-B1EF-43EF-AAE5-5AAEF4E548B1}.Release|Any CPU.Build.0 = Release|Any CPU
		{AA26E641-B1EF-43EF-AAE5-5AAEF4E548B1}.Release|x64.ActiveCfg = Release|Any CPU
		{AA26E641-B1EF-43EF-AAE5-5AAEF4E548B1}.Release|x64.Build.0 = Release|Any CPU
		{AA26E641-B1EF-43EF-AAE5-5AAEF4E548B1}.Release|x86.ActiveCfg = Release|Any CPU
		{AA26E641-B1EF-43EF-AAE5-5AAEF4E548B1}.Release|x86.Build.0 = Release|Any CPU
		{26D0F166-275D-4AB5-8269-9DA815DAC4FD}.Debug|Any CPU.ActiveCfg = Debug|Any CPU
		{26D0F166-275D-4AB5-8269-9DA815DAC4FD}.Debug|Any CPU.Build.0 = Debug|Any CPU
		{26D0F166-275D-4AB5-8269-9DA815DAC4FD}.Debug|x64.ActiveCfg = Debug|Any CPU
		{26D0F166-275D-4AB5-8269-9DA815DAC4FD}.Debug|x64.Build.0 = Debug|Any CPU
		{26D0F166-275D-4AB5-8269-9DA815DAC4FD}.Debug|x86.ActiveCfg = Debug|Any CPU
		{26D0F166-275D-4AB5-8269-9DA815DAC4FD}.Debug|x86.Build.0 = Debug|Any CPU
		{26D0F166-275D-4AB5-8269-9DA815DAC4FD}.Release|Any CPU.ActiveCfg = Release|Any CPU
		{26D0F166-275D-4AB5-8269-9DA815DAC4FD}.Release|Any CPU.Build.0 = Release|Any CPU
		{26D0F166-275D-4AB5-8269-9DA815DAC4FD}.Release|x64.ActiveCfg = Release|Any CPU
		{26D0F166-275D-4AB5-8269-9DA815DAC4FD}.Release|x64.Build.0 = Release|Any CPU
		{26D0F166-275D-4AB5-8269-9DA815DAC4FD}.Release|x86.ActiveCfg = Release|Any CPU
		{26D0F166-275D-4AB5-8269-9DA815DAC4FD}.Release|x86.Build.0 = Release|Any CPU
		{7017BD6D-1C80-480E-9E5F-2DFD21FB12EA}.Debug|Any CPU.ActiveCfg = Debug|Any CPU
		{7017BD6D-1C80-480E-9E5F-2DFD21FB12EA}.Debug|Any CPU.Build.0 = Debug|Any CPU
		{7017BD6D-1C80-480E-9E5F-2DFD21FB12EA}.Debug|x64.ActiveCfg = Debug|Any CPU
		{7017BD6D-1C80-480E-9E5F-2DFD21FB12EA}.Debug|x64.Build.0 = Debug|Any CPU
		{7017BD6D-1C80-480E-9E5F-2DFD21FB12EA}.Debug|x86.ActiveCfg = Debug|Any CPU
		{7017BD6D-1C80-480E-9E5F-2DFD21FB12EA}.Debug|x86.Build.0 = Debug|Any CPU
		{7017BD6D-1C80-480E-9E5F-2DFD21FB12EA}.Release|Any CPU.ActiveCfg = Release|Any CPU
		{7017BD6D-1C80-480E-9E5F-2DFD21FB12EA}.Release|Any CPU.Build.0 = Release|Any CPU
		{7017BD6D-1C80-480E-9E5F-2DFD21FB12EA}.Release|x64.ActiveCfg = Release|Any CPU
		{7017BD6D-1C80-480E-9E5F-2DFD21FB12EA}.Release|x64.Build.0 = Release|Any CPU
		{7017BD6D-1C80-480E-9E5F-2DFD21FB12EA}.Release|x86.ActiveCfg = Release|Any CPU
		{7017BD6D-1C80-480E-9E5F-2DFD21FB12EA}.Release|x86.Build.0 = Release|Any CPU
		{CA3FEFD9-391D-410C-AB8A-DC2C0A5E9BB5}.Debug|Any CPU.ActiveCfg = Debug|Any CPU
		{CA3FEFD9-391D-410C-AB8A-DC2C0A5E9BB5}.Debug|Any CPU.Build.0 = Debug|Any CPU
		{CA3FEFD9-391D-410C-AB8A-DC2C0A5E9BB5}.Debug|x64.ActiveCfg = Debug|Any CPU
		{CA3FEFD9-391D-410C-AB8A-DC2C0A5E9BB5}.Debug|x64.Build.0 = Debug|Any CPU
		{CA3FEFD9-391D-410C-AB8A-DC2C0A5E9BB5}.Debug|x86.ActiveCfg = Debug|Any CPU
		{CA3FEFD9-391D-410C-AB8A-DC2C0A5E9BB5}.Debug|x86.Build.0 = Debug|Any CPU
		{CA3FEFD9-391D-410C-AB8A-DC2C0A5E9BB5}.Release|Any CPU.ActiveCfg = Release|Any CPU
		{CA3FEFD9-391D-410C-AB8A-DC2C0A5E9BB5}.Release|Any CPU.Build.0 = Release|Any CPU
		{CA3FEFD9-391D-410C-AB8A-DC2C0A5E9BB5}.Release|x64.ActiveCfg = Release|Any CPU
		{CA3FEFD9-391D-410C-AB8A-DC2C0A5E9BB5}.Release|x64.Build.0 = Release|Any CPU
		{CA3FEFD9-391D-410C-AB8A-DC2C0A5E9BB5}.Release|x86.ActiveCfg = Release|Any CPU
		{CA3FEFD9-391D-410C-AB8A-DC2C0A5E9BB5}.Release|x86.Build.0 = Release|Any CPU
		{60688A0D-8832-4546-A3A5-9636B023A606}.Debug|Any CPU.ActiveCfg = Debug|Any CPU
		{60688A0D-8832-4546-A3A5-9636B023A606}.Debug|Any CPU.Build.0 = Debug|Any CPU
		{60688A0D-8832-4546-A3A5-9636B023A606}.Debug|x64.ActiveCfg = Debug|Any CPU
		{60688A0D-8832-4546-A3A5-9636B023A606}.Debug|x64.Build.0 = Debug|Any CPU
		{60688A0D-8832-4546-A3A5-9636B023A606}.Debug|x86.ActiveCfg = Debug|Any CPU
		{60688A0D-8832-4546-A3A5-9636B023A606}.Debug|x86.Build.0 = Debug|Any CPU
		{60688A0D-8832-4546-A3A5-9636B023A606}.Release|Any CPU.ActiveCfg = Release|Any CPU
		{60688A0D-8832-4546-A3A5-9636B023A606}.Release|Any CPU.Build.0 = Release|Any CPU
		{60688A0D-8832-4546-A3A5-9636B023A606}.Release|x64.ActiveCfg = Release|Any CPU
		{60688A0D-8832-4546-A3A5-9636B023A606}.Release|x64.Build.0 = Release|Any CPU
		{60688A0D-8832-4546-A3A5-9636B023A606}.Release|x86.ActiveCfg = Release|Any CPU
		{60688A0D-8832-4546-A3A5-9636B023A606}.Release|x86.Build.0 = Release|Any CPU
	EndGlobalSection
	GlobalSection(SolutionProperties) = preSolution
		HideSolutionNode = FALSE
	EndGlobalSection
	GlobalSection(NestedProjects) = preSolution
		{2587467B-B5F3-4E93-9D94-AA3FAC31DCCE} = {5854FF58-B8C5-05C6-5BF2-ACE42193F22B}
		{9AF008A5-38C2-40D7-8D57-DCA7BB439E92} = {5854FF58-B8C5-05C6-5BF2-ACE42193F22B}
		{03E9324C-6A94-4225-8169-BE9C03D82441} = {7266C4A9-E384-DC00-0EB6-47F6002CFBA7}
		{982493D4-3BEE-409D-9C59-A6491A00D0E1} = {5854FF58-B8C5-05C6-5BF2-ACE42193F22B}
		{7EA543A7-E729-41A8-95EA-68D1B7427C81} = {5854FF58-B8C5-05C6-5BF2-ACE42193F22B}
		{3BAACA43-EC64-C367-9FAA-9C38067293A8} = {5854FF58-B8C5-05C6-5BF2-ACE42193F22B}
		{AA26E641-B1EF-43EF-AAE5-5AAEF4E548B1} = {3BAACA43-EC64-C367-9FAA-9C38067293A8}
		{26D0F166-275D-4AB5-8269-9DA815DAC4FD} = {3BAACA43-EC64-C367-9FAA-9C38067293A8}
		{7017BD6D-1C80-480E-9E5F-2DFD21FB12EA} = {3BAACA43-EC64-C367-9FAA-9C38067293A8}
		{CA3FEFD9-391D-410C-AB8A-DC2C0A5E9BB5} = {3BAACA43-EC64-C367-9FAA-9C38067293A8}
		{60688A0D-8832-4546-A3A5-9636B023A606} = {8450CF56-5DC7-366A-AE0A-4A8614F474CF}
	EndGlobalSection
EndGlobal
